
Microsoft Visual Studio Solution File, Format Version 12.00
# Visual Studio Version 16
VisualStudioVersion = 16.0.30804.86
MinimumVisualStudioVersion = 10.0.40219.1
Project("{FAE04EC0-301F-11D3-BF4B-00C04F79EFBC}") = "StudentWebApi", "StudentWebApi\StudentWebApi.csproj", "{EA4B72FF-D6F6-4F9F-9217-6BCB37252F28}"
EndProject
Global
	GlobalSection(SolutionConfigurationPlatforms) = preSolution
		Debug|Any CPU = Debug|Any CPU
		Release|Any CPU = Release|Any CPU
	EndGlobalSection
	GlobalSection(ProjectConfigurationPlatforms) = postSolution
		{EA4B72FF-D6F6-4F9F-9217-6BCB37252F28}.Debug|Any CPU.ActiveCfg = Debug|Any CPU
		{EA4B72FF-D6F6-4F9F-9217-6BCB37252F28}.Debug|Any CPU.Build.0 = Debug|Any CPU
		{EA4B72FF-D6F6-4F9F-9217-6BCB37252F28}.Release|Any CPU.ActiveCfg = Release|Any CPU
		{EA4B72FF-D6F6-4F9F-9217-6BCB37252F28}.Release|Any CPU.Build.0 = Release|Any CPU
	EndGlobalSection
	GlobalSection(SolutionProperties) = preSolution
		HideSolutionNode = FALSE
	EndGlobalSection
	GlobalSection(ExtensibilityGlobals) = postSolution
		SolutionGuid = {9D8913EF-7FDD-414E-853D-505A5510EDF0}
	EndGlobalSection
EndGlobal
